// !$*UTF8*$!
{
	archiveVersion = 1;
	classes = {
	};
	objectVersion = 56;
	objects = {

/* Begin PBXBuildFile section */
		43A85C092B555DD900167C30 /* NukeUI in Frameworks */ = {isa = PBXBuildFile; productRef = 43A85C082B555DD900167C30 /* NukeUI */; };
		43CD40B12B6123B800842D37 /* SDWebImageSwiftUI in Frameworks */ = {isa = PBXBuildFile; productRef = 43CD40B02B6123B800842D37 /* SDWebImageSwiftUI */; };
		43CD40B42B6151C300842D37 /* SDWebImageSwiftUI in Frameworks */ = {isa = PBXBuildFile; productRef = 43CD40B32B6151C300842D37 /* SDWebImageSwiftUI */; };
		E869D5F42B26E46A00AC50B6 /* Day3HomeworkApp.swift in Sources */ = {isa = PBXBuildFile; fileRef = E869D5F32B26E46A00AC50B6 /* Day3HomeworkApp.swift */; };
		E869D5F62B26E46A00AC50B6 /* RootView.swift in Sources */ = {isa = PBXBuildFile; fileRef = E869D5F52B26E46A00AC50B6 /* RootView.swift */; };
		E869D5F82B26E46C00AC50B6 /* Assets.xcassets in Resources */ = {isa = PBXBuildFile; fileRef = E869D5F72B26E46C00AC50B6 /* Assets.xcassets */; };
		E869D5FB2B26E46C00AC50B6 /* Preview Assets.xcassets in Resources */ = {isa = PBXBuildFile; fileRef = E869D5FA2B26E46C00AC50B6 /* Preview Assets.xcassets */; };
		E869D6042B2ABC3A00AC50B6 /* FavoriteView.swift in Sources */ = {isa = PBXBuildFile; fileRef = E869D6032B2ABC3A00AC50B6 /* FavoriteView.swift */; };
		E869D6062B2ACCC500AC50B6 /* PopularView.swift in Sources */ = {isa = PBXBuildFile; fileRef = E869D6052B2ACCC500AC50B6 /* PopularView.swift */; };
/* End PBXBuildFile section */

/* Begin PBXFileReference section */
		E869D5F02B26E46A00AC50B6 /* Day3Homework.app */ = {isa = PBXFileReference; explicitFileType = wrapper.application; includeInIndex = 0; path = Day3Homework.app; sourceTree = BUILT_PRODUCTS_DIR; };
		E869D5F32B26E46A00AC50B6 /* Day3HomeworkApp.swift */ = {isa = PBXFileReference; lastKnownFileType = sourcecode.swift; path = Day3HomeworkApp.swift; sourceTree = "<group>"; };
		E869D5F52B26E46A00AC50B6 /* RootView.swift */ = {isa = PBXFileReference; lastKnownFileType = sourcecode.swift; path = RootView.swift; sourceTree = "<group>"; };
		E869D5F72B26E46C00AC50B6 /* Assets.xcassets */ = {isa = PBXFileReference; lastKnownFileType = folder.assetcatalog; path = Assets.xcassets; sourceTree = "<group>"; };
		E869D5FA2B26E46C00AC50B6 /* Preview Assets.xcassets */ = {isa = PBXFileReference; lastKnownFileType = folder.assetcatalog; path = "Preview Assets.xcassets"; sourceTree = "<group>"; };
		E869D6032B2ABC3A00AC50B6 /* FavoriteView.swift */ = {isa = PBXFileReference; lastKnownFileType = sourcecode.swift; path = FavoriteView.swift; sourceTree = "<group>"; };
		E869D6052B2ACCC500AC50B6 /* PopularView.swift */ = {isa = PBXFileReference; fileEncoding = 4; lastKnownFileType = sourcecode.swift; path = PopularView.swift; sourceTree = "<group>"; };
/* End PBXFileReference section */

/* Begin PBXFrameworksBuildPhase section */
		E869D5ED2B26E46A00AC50B6 /* Frameworks */ = {
			isa = PBXFrameworksBuildPhase;
			buildActionMask = 2147483647;
			files = (
				43CD40B42B6151C300842D37 /* SDWebImageSwiftUI in Frameworks */,
				43CD40B12B6123B800842D37 /* SDWebImageSwiftUI in Frameworks */,
				43A85C092B555DD900167C30 /* NukeUI in Frameworks */,
			);
			runOnlyForDeploymentPostprocessing = 0;
		};
/* End PBXFrameworksBuildPhase section */

/* Begin PBXGroup section */
		E869D5E72B26E46A00AC50B6 = {
			isa = PBXGroup;
			children = (
				E869D5F22B26E46A00AC50B6 /* Day3Homework */,
				E869D5F12B26E46A00AC50B6 /* Products */,
			);
			sourceTree = "<group>";
			usesTabs = 0;
		};
		E869D5F12B26E46A00AC50B6 /* Products */ = {
			isa = PBXGroup;
			children = (
				E869D5F02B26E46A00AC50B6 /* Day3Homework.app */,
			);
			name = Products;
			sourceTree = "<group>";
		};
		E869D5F22B26E46A00AC50B6 /* Day3Homework */ = {
			isa = PBXGroup;
			children = (
				E869D5F32B26E46A00AC50B6 /* Day3HomeworkApp.swift */,
				E869D5F52B26E46A00AC50B6 /* RootView.swift */,
				E869D6052B2ACCC500AC50B6 /* PopularView.swift */,
				E869D6032B2ABC3A00AC50B6 /* FavoriteView.swift */,
				E869D5F72B26E46C00AC50B6 /* Assets.xcassets */,
				E869D5F92B26E46C00AC50B6 /* Preview Content */,
			);
			path = Day3Homework;
			sourceTree = "<group>";
		};
		E869D5F92B26E46C00AC50B6 /* Preview Content */ = {
			isa = PBXGroup;
			children = (
				E869D5FA2B26E46C00AC50B6 /* Preview Assets.xcassets */,
			);
			path = "Preview Content";
			sourceTree = "<group>";
		};
/* End PBXGroup section */

/* Begin PBXNativeTarget section */
		E869D5EF2B26E46A00AC50B6 /* Day3Homework */ = {
			isa = PBXNativeTarget;
			buildConfigurationList = E869D5FE2B26E46C00AC50B6 /* Build configuration list for PBXNativeTarget "Day3Homework" */;
			buildPhases = (
				E869D5EC2B26E46A00AC50B6 /* Sources */,
				E869D5ED2B26E46A00AC50B6 /* Frameworks */,
				E869D5EE2B26E46A00AC50B6 /* Resources */,
			);
			buildRules = (
			);
			dependencies = (
			);
			name = Day3Homework;
			packageProductDependencies = (
				43A85C082B555DD900167C30 /* NukeUI */,
				43CD40B02B6123B800842D37 /* SDWebImageSwiftUI */,
				43CD40B32B6151C300842D37 /* SDWebImageSwiftUI */,
			);
			productName = Day3Homework;
			productReference = E869D5F02B26E46A00AC50B6 /* Day3Homework.app */;
			productType = "com.apple.product-type.application";
		};
/* End PBXNativeTarget section */

/* Begin PBXProject section */
		E869D5E82B26E46A00AC50B6 /* Project object */ = {
			isa = PBXProject;
			attributes = {
				BuildIndependentTargetsInParallel = 1;
				LastSwiftUpdateCheck = 1500;
				LastUpgradeCheck = 1500;
				TargetAttributes = {
					E869D5EF2B26E46A00AC50B6 = {
						CreatedOnToolsVersion = 15.0;
					};
				};
			};
			buildConfigurationList = E869D5EB2B26E46A00AC50B6 /* Build configuration list for PBXProject "Day3Homework" */;
			compatibilityVersion = "Xcode 14.0";
			developmentRegion = en;
			hasScannedForEncodings = 0;
			knownRegions = (
				en,
				Base,
			);
			mainGroup = E869D5E72B26E46A00AC50B6;
			packageReferences = (
				43A85C072B555DD900167C30 /* XCRemoteSwiftPackageReference "NukeUI" */,
				43CD40B22B6151C300842D37 /* XCRemoteSwiftPackageReference "SDWebImageSwiftUI" */,
			);
			productRefGroup = E869D5F12B26E46A00AC50B6 /* Products */;
			projectDirPath = "";
			projectRoot = "";
			targets = (
				E869D5EF2B26E46A00AC50B6 /* Day3Homework */,
			);
		};
/* End PBXProject section */

/* Begin PBXResourcesBuildPhase section */
		E869D5EE2B26E46A00AC50B6 /* Resources */ = {
			isa = PBXResourcesBuildPhase;
			buildActionMask = 2147483647;
			files = (
				E869D5FB2B26E46C00AC50B6 /* Preview Assets.xcassets in Resources */,
				E869D5F82B26E46C00AC50B6 /* Assets.xcassets in Resources */,
			);
			runOnlyForDeploymentPostprocessing = 0;
		};
/* End PBXResourcesBuildPhase section */

/* Begin PBXSourcesBuildPhase section */
		E869D5EC2B26E46A00AC50B6 /* Sources */ = {
			isa = PBXSourcesBuildPhase;
			buildActionMask = 2147483647;
			files = (
				E869D6042B2ABC3A00AC50B6 /* FavoriteView.swift in Sources */,
				E869D5F62B26E46A00AC50B6 /* RootView.swift in Sources */,
				E869D6062B2ACCC500AC50B6 /* PopularView.swift in Sources */,
				E869D5F42B26E46A00AC50B6 /* Day3HomeworkApp.swift in Sources */,
			);
			runOnlyForDeploymentPostprocessing = 0;
		};
/* End PBXSourcesBuildPhase section */

/* Begin XCBuildConfiguration section */
		E869D5FC2B26E46C00AC50B6 /* Debug */ = {
			isa = XCBuildConfiguration;
			buildSettings = {
				ALWAYS_SEARCH_USER_PATHS = NO;
				ASSETCATALOG_COMPILER_GENERATE_SWIFT_ASSET_SYMBOL_EXTENSIONS = YES;
				CLANG_ANALYZER_NONNULL = YES;
				CLANG_ANALYZER_NUMBER_OBJECT_CONVERSION = YES_AGGRESSIVE;
				CLANG_CXX_LANGUAGE_STANDARD = "gnu++20";
				CLANG_ENABLE_MODULES = YES;
				CLANG_ENABLE_OBJC_ARC = YES;
				CLANG_ENABLE_OBJC_WEAK = YES;
				CLANG_WARN_BLOCK_CAPTURE_AUTORELEASING = YES;
				CLANG_WARN_BOOL_CONVERSION = YES;
				CLANG_WARN_COMMA = YES;
				CLANG_WARN_CONSTANT_CONVERSION = YES;
				CLANG_WARN_DEPRECATED_OBJC_IMPLEMENTATIONS = YES;
				CLANG_WARN_DIRECT_OBJC_ISA_USAGE = YES_ERROR;
				CLANG_WARN_DOCUMENTATION_COMMENTS = YES;
				CLANG_WARN_EMPTY_BODY = YES;
				CLANG_WARN_ENUM_CONVERSION = YES;
				CLANG_WARN_INFINITE_RECURSION = YES;
				CLANG_WARN_INT_CONVERSION = YES;
				CLANG_WARN_NON_LITERAL_NULL_CONVERSION = YES;
				CLANG_WARN_OBJC_IMPLICIT_RETAIN_SELF = YES;
				CLANG_WARN_OBJC_LITERAL_CONVERSION = YES;
				CLANG_WARN_OBJC_ROOT_CLASS = YES_ERROR;
				CLANG_WARN_QUOTED_INCLUDE_IN_FRAMEWORK_HEADER = YES;
				CLANG_WARN_RANGE_LOOP_ANALYSIS = YES;
				CLANG_WARN_STRICT_PROTOTYPES = YES;
				CLANG_WARN_SUSPICIOUS_MOVE = YES;
				CLANG_WARN_UNGUARDED_AVAILABILITY = YES_AGGRESSIVE;
				CLANG_WARN_UNREACHABLE_CODE = YES;
				CLANG_WARN__DUPLICATE_METHOD_MATCH = YES;
				COPY_PHASE_STRIP = NO;
				DEBUG_INFORMATION_FORMAT = dwarf;
				ENABLE_STRICT_OBJC_MSGSEND = YES;
				ENABLE_TESTABILITY = YES;
				ENABLE_USER_SCRIPT_SANDBOXING = YES;
				GCC_C_LANGUAGE_STANDARD = gnu17;
				GCC_DYNAMIC_NO_PIC = NO;
				GCC_NO_COMMON_BLOCKS = YES;
				GCC_OPTIMIZATION_LEVEL = 0;
				GCC_PREPROCESSOR_DEFINITIONS = (
					"DEBUG=1",
					"$(inherited)",
				);
				GCC_WARN_64_TO_32_BIT_CONVERSION = YES;
				GCC_WARN_ABOUT_RETURN_TYPE = YES_ERROR;
				GCC_WARN_UNDECLARED_SELECTOR = YES;
				GCC_WARN_UNINITIALIZED_AUTOS = YES_AGGRESSIVE;
				GCC_WARN_UNUSED_FUNCTION = YES;
				GCC_WARN_UNUSED_VARIABLE = YES;
				IPHONEOS_DEPLOYMENT_TARGET = 17.0;
				LOCALIZATION_PREFERS_STRING_CATALOGS = YES;
				MTL_ENABLE_DEBUG_INFO = INCLUDE_SOURCE;
				MTL_FAST_MATH = YES;
				ONLY_ACTIVE_ARCH = YES;
				SDKROOT = iphoneos;
				SWIFT_ACTIVE_COMPILATION_CONDITIONS = "DEBUG $(inherited)";
				SWIFT_OPTIMIZATION_LEVEL = "-Onone";
			};
			name = Debug;
		};
		E869D5FD2B26E46C00AC50B6 /* Release */ = {
			isa = XCBuildConfiguration;
			buildSettings = {
				ALWAYS_SEARCH_USER_PATHS = NO;
				ASSETCATALOG_COMPILER_GENERATE_SWIFT_ASSET_SYMBOL_EXTENSIONS = YES;
				CLANG_ANALYZER_NONNULL = YES;
				CLANG_ANALYZER_NUMBER_OBJECT_CONVERSION = YES_AGGRESSIVE;
				CLANG_CXX_LANGUAGE_STANDARD = "gnu++20";
				CLANG_ENABLE_MODULES = YES;
				CLANG_ENABLE_OBJC_ARC = YES;
				CLANG_ENABLE_OBJC_WEAK = YES;
				CLANG_WARN_BLOCK_CAPTURE_AUTORELEASING = YES;
				CLANG_WARN_BOOL_CONVERSION = YES;
				CLANG_WARN_COMMA = YES;
				CLANG_WARN_CONSTANT_CONVERSION = YES;
				CLANG_WARN_DEPRECATED_OBJC_IMPLEMENTATIONS = YES;
				CLANG_WARN_DIRECT_OBJC_ISA_USAGE = YES_ERROR;
				CLANG_WARN_DOCUMENTATION_COMMENTS = YES;
				CLANG_WARN_EMPTY_BODY = YES;
				CLANG_WARN_ENUM_CONVERSION = YES;
				CLANG_WARN_INFINITE_RECURSION = YES;
				CLANG_WARN_INT_CONVERSION = YES;
				CLANG_WARN_NON_LITERAL_NULL_CONVERSION = YES;
				CLANG_WARN_OBJC_IMPLICIT_RETAIN_SELF = YES;
				CLANG_WARN_OBJC_LITERAL_CONVERSION = YES;
				CLANG_WARN_OBJC_ROOT_CLASS = YES_ERROR;
				CLANG_WARN_QUOTED_INCLUDE_IN_FRAMEWORK_HEADER = YES;
				CLANG_WARN_RANGE_LOOP_ANALYSIS = YES;
				CLANG_WARN_STRICT_PROTOTYPES = YES;
				CLANG_WARN_SUSPICIOUS_MOVE = YES;
				CLANG_WARN_UNGUARDED_AVAILABILITY = YES_AGGRESSIVE;
				CLANG_WARN_UNREACHABLE_CODE = YES;
				CLANG_WARN__DUPLICATE_METHOD_MATCH = YES;
				COPY_PHASE_STRIP = NO;
				DEBUG_INFORMATION_FORMAT = "dwarf-with-dsym";
				ENABLE_NS_ASSERTIONS = NO;
				ENABLE_STRICT_OBJC_MSGSEND = YES;
				ENABLE_USER_SCRIPT_SANDBOXING = YES;
				GCC_C_LANGUAGE_STANDARD = gnu17;
				GCC_NO_COMMON_BLOCKS = YES;
				GCC_WARN_64_TO_32_BIT_CONVERSION = YES;
				GCC_WARN_ABOUT_RETURN_TYPE = YES_ERROR;
				GCC_WARN_UNDECLARED_SELECTOR = YES;
				GCC_WARN_UNINITIALIZED_AUTOS = YES_AGGRESSIVE;
				GCC_WARN_UNUSED_FUNCTION = YES;
				GCC_WARN_UNUSED_VARIABLE = YES;
				IPHONEOS_DEPLOYMENT_TARGET = 17.0;
				LOCALIZATION_PREFERS_STRING_CATALOGS = YES;
				MTL_ENABLE_DEBUG_INFO = NO;
				MTL_FAST_MATH = YES;
				SDKROOT = iphoneos;
				SWIFT_COMPILATION_MODE = wholemodule;
				VALIDATE_PRODUCT = YES;
			};
			name = Release;
		};
		E869D5FF2B26E46C00AC50B6 /* Debug */ = {
			isa = XCBuildConfiguration;
			buildSettings = {
				ASSETCATALOG_COMPILER_APPICON_NAME = AppIcon;
				ASSETCATALOG_COMPILER_GLOBAL_ACCENT_COLOR_NAME = AccentColor;
				CODE_SIGN_STYLE = Automatic;
				CURRENT_PROJECT_VERSION = 1;
				DEVELOPMENT_ASSET_PATHS = "\"Day3Homework/Preview Content\"";
				DEVELOPMENT_TEAM = F82XB5KFX2;
				ENABLE_PREVIEWS = YES;
				GENERATE_INFOPLIST_FILE = YES;
				INFOPLIST_KEY_UIApplicationSceneManifest_Generation = YES;
				INFOPLIST_KEY_UIApplicationSupportsIndirectInputEvents = YES;
				INFOPLIST_KEY_UILaunchScreen_Generation = YES;
				INFOPLIST_KEY_UISupportedInterfaceOrientations_iPad = "UIInterfaceOrientationPortrait UIInterfaceOrientationPortraitUpsideDown UIInterfaceOrientationLandscapeLeft UIInterfaceOrientationLandscapeRight";
				INFOPLIST_KEY_UISupportedInterfaceOrientations_iPhone = "UIInterfaceOrientationPortrait UIInterfaceOrientationLandscapeLeft UIInterfaceOrientationLandscapeRight";
				LD_RUNPATH_SEARCH_PATHS = (
					"$(inherited)",
					"@executable_path/Frameworks",
				);
				MARKETING_VERSION = 1.0;
				PRODUCT_BUNDLE_IDENTIFIER = io.github.CyberAgentHack.Day3Homework;
				PRODUCT_NAME = "$(TARGET_NAME)";
				SUPPORTED_PLATFORMS = "iphoneos iphonesimulator";
				SUPPORTS_MACCATALYST = NO;
				SUPPORTS_MAC_DESIGNED_FOR_IPHONE_IPAD = NO;
				SWIFT_EMIT_LOC_STRINGS = YES;
				SWIFT_VERSION = 5.0;
				TARGETED_DEVICE_FAMILY = "1,2";
			};
			name = Debug;
		};
		E869D6002B26E46C00AC50B6 /* Release */ = {
			isa = XCBuildConfiguration;
			buildSettings = {
				ASSETCATALOG_COMPILER_APPICON_NAME = AppIcon;
				ASSETCATALOG_COMPILER_GLOBAL_ACCENT_COLOR_NAME = AccentColor;
				CODE_SIGN_STYLE = Automatic;
				CURRENT_PROJECT_VERSION = 1;
				DEVELOPMENT_ASSET_PATHS = "\"Day3Homework/Preview Content\"";
				DEVELOPMENT_TEAM = F82XB5KFX2;
				ENABLE_PREVIEWS = YES;
				GENERATE_INFOPLIST_FILE = YES;
				INFOPLIST_KEY_UIApplicationSceneManifest_Generation = YES;
				INFOPLIST_KEY_UIApplicationSupportsIndirectInputEvents = YES;
				INFOPLIST_KEY_UILaunchScreen_Generation = YES;
				INFOPLIST_KEY_UISupportedInterfaceOrientations_iPad = "UIInterfaceOrientationPortrait UIInterfaceOrientationPortraitUpsideDown UIInterfaceOrientationLandscapeLeft UIInterfaceOrientationLandscapeRight";
				INFOPLIST_KEY_UISupportedInterfaceOrientations_iPhone = "UIInterfaceOrientationPortrait UIInterfaceOrientationLandscapeLeft UIInterfaceOrientationLandscapeRight";
				LD_RUNPATH_SEARCH_PATHS = (
					"$(inherited)",
					"@executable_path/Frameworks",
				);
				MARKETING_VERSION = 1.0;
				PRODUCT_BUNDLE_IDENTIFIER = io.github.CyberAgentHack.Day3Homework;
				PRODUCT_NAME = "$(TARGET_NAME)";
				SUPPORTED_PLATFORMS = "iphoneos iphonesimulator";
				SUPPORTS_MACCATALYST = NO;
				SUPPORTS_MAC_DESIGNED_FOR_IPHONE_IPAD = NO;
				SWIFT_EMIT_LOC_STRINGS = YES;
				SWIFT_VERSION = 5.0;
				TARGETED_DEVICE_FAMILY = "1,2";
			};
			name = Release;
		};
/* End XCBuildConfiguration section */

/* Begin XCConfigurationList section */
		E869D5EB2B26E46A00AC50B6 /* Build configuration list for PBXProject "Day3Homework" */ = {
			isa = XCConfigurationList;
			buildConfigurations = (
				E869D5FC2B26E46C00AC50B6 /* Debug */,
				E869D5FD2B26E46C00AC50B6 /* Release */,
			);
			defaultConfigurationIsVisible = 0;
			defaultConfigurationName = Release;
		};
		E869D5FE2B26E46C00AC50B6 /* Build configuration list for PBXNativeTarget "Day3Homework" */ = {
			isa = XCConfigurationList;
			buildConfigurations = (
				E869D5FF2B26E46C00AC50B6 /* Debug */,
				E869D6002B26E46C00AC50B6 /* Release */,
			);
			defaultConfigurationIsVisible = 0;
			defaultConfigurationName = Release;
		};
/* End XCConfigurationList section */

/* Begin XCRemoteSwiftPackageReference section */
		43A85C072B555DD900167C30 /* XCRemoteSwiftPackageReference "NukeUI" */ = {
			isa = XCRemoteSwiftPackageReference;
			repositoryURL = "https://github.com/kean/NukeUI.git";
			requirement = {
				kind = upToNextMajorVersion;
				minimumVersion = 0.8.3;
			};
		};
		43CD40B22B6151C300842D37 /* XCRemoteSwiftPackageReference "SDWebImageSwiftUI" */ = {
			isa = XCRemoteSwiftPackageReference;
			repositoryURL = "https://github.com/SDWebImage/SDWebImageSwiftUI.git";
			requirement = {
				kind = upToNextMajorVersion;
				minimumVersion = 2.2.6;
			};
		};
/* End XCRemoteSwiftPackageReference section */

/* Begin XCSwiftPackageProductDependency section */
		43A85C082B555DD900167C30 /* NukeUI */ = {
			isa = XCSwiftPackageProductDependency;
			package = 43A85C072B555DD900167C30 /* XCRemoteSwiftPackageReference "NukeUI" */;
			productName = NukeUI;
		};
		43CD40B02B6123B800842D37 /* SDWebImageSwiftUI */ = {
			isa = XCSwiftPackageProductDependency;
			productName = SDWebImageSwiftUI;
		};
		43CD40B32B6151C300842D37 /* SDWebImageSwiftUI */ = {
			isa = XCSwiftPackageProductDependency;
			package = 43CD40B22B6151C300842D37 /* XCRemoteSwiftPackageReference "SDWebImageSwiftUI" */;
			productName = SDWebImageSwiftUI;
		};
/* End XCSwiftPackageProductDependency section */
	};
	rootObject = E869D5E82B26E46A00AC50B6 /* Project object */;
}
