<?xml version="1.0" encoding="UTF-8"?>
<Scheme
   LastUpgradeVersion = "1500"
   version = "1.7">
   <BuildAction
      parallelizeBuildables = "YES"
      buildImplicitDependencies = "YES">
      <BuildActionEntries>
         <BuildActionEntry
            buildForTesting = "YES"
            buildForRunning = "YES"
            buildForProfiling = "YES"
            buildForArchiving = "YES"
            buildForAnalyzing = "YES">
            <BuildableReference
               BuildableIdentifier = "primary"
               BlueprintIdentifier = "E869D5EF2B26E46A00AC50B6"
               BuildableName = "Day3Homework.app"
               BlueprintName = "Day3Homework"
               ReferencedContainer = "container:Day3Homework.xcodeproj">
            </BuildableReference>
         </BuildActionEntry>
      </BuildActionEntries>
   </BuildAction>
   <TestAction
      buildConfiguration = "Debug"
      selectedDebuggerIdentifier = "Xcode.DebuggerFoundation.Debugger.LLDB"
      selectedLauncherIdentifier = "Xcode.DebuggerFoundation.Launcher.LLDB"
      shouldUseLaunchSchemeArgsEnv = "YES"
      shouldAutocreateTestPlan = "YES">
   </TestAction>
   <LaunchAction
      buildConfiguration = "Debug"
      selectedDebuggerIdentifier = "Xcode.DebuggerFoundation.Debugger.LLDB"
      selectedLauncherIdentifier = "Xcode.DebuggerFoundation.Launcher.LLDB"
      launchStyle = "0"
      useCustomWorkingDirectory = "NO"
      ignoresPersistentStateOnLaunch = "NO"
      debugDocumentVersioning = "YES"
      debugServiceExtension = "internal"
      allowLocationSimulation = "YES">
      <BuildableProductRunnable
         runnableDebuggingMode = "0">
         <BuildableReference
            BuildableIdentifier = "primary"
            BlueprintIdentifier = "E869D5EF2B26E46A00AC50B6"
            BuildableName = "Day3Homework.app"
            BlueprintName = "Day3Homework"
            ReferencedContainer = "container:Day3Homework.xcodeproj">
         </BuildableReference>
      </BuildableProductRunnable>
      <EnvironmentVariables>
         <EnvironmentVariable
            key = "API"
            value = "eyJhbGciOiJIUzI1NiJ9.eyJhdWQiOiIwOGQwZWVhNTdjMDBiZTZjY2Y2NDk2ZmM4MTMzYWQ1MiIsInN1YiI6IjY1MWU1MTc2NWIxMjQwMDBhZDY4MjAzNCIsInNjb3BlcyI6WyJhcGlfcmVhZCJdLCJ2ZXJzaW9uIjoxfQ.2GXzhK8p5DDL7ubfrHA78V_lDkhB-IHndhkeUJwOizM"
            isEnabled = "YES">
         </EnvironmentVariable>
         <EnvironmentVariable
            key = "API_read_access_token"
            value = "eyJhbGciOiJIUzI1NiJ9.eyJhdWQiOiIwOGQwZWVhNTdjMDBiZTZjY2Y2NDk2ZmM4MTMzYWQ1MiIsInN1YiI6IjY1MWU1MTc2NWIxMjQwMDBhZDY4MjAzNCIsInNjb3BlcyI6WyJhcGlfcmVhZCJdLCJ2ZXJzaW9uIjoxfQ.2GXzhK8p5DDL7ubfrHA78V_lDkhB-IHndhkeUJwOizM"
            isEnabled = "YES">
         </EnvironmentVariable>
      </EnvironmentVariables>
   </LaunchAction>
   <ProfileAction
      buildConfiguration = "Release"
      shouldUseLaunchSchemeArgsEnv = "YES"
      savedToolIdentifier = ""
      useCustomWorkingDirectory = "NO"
      debugDocumentVersioning = "YES">
      <BuildableProductRunnable
         runnableDebuggingMode = "0">
         <BuildableReference
            BuildableIdentifier = "primary"
            BlueprintIdentifier = "E869D5EF2B26E46A00AC50B6"
            BuildableName = "Day3Homework.app"
            BlueprintName = "Day3Homework"
            ReferencedContainer = "container:Day3Homework.xcodeproj">
         </BuildableReference>
      </BuildableProductRunnable>
   </ProfileAction>
   <AnalyzeAction
      buildConfiguration = "Debug">
   </AnalyzeAction>
   <ArchiveAction
      buildConfiguration = "Release"
      revealArchiveInOrganizer = "YES">
   </ArchiveAction>
</Scheme>
